github.com/aws/aws-sdk-go v1.55.7 h1:UJrkFq7es5CShfBwlWAC8DA077vp8PyVbQd3lqLiztE=
github.com/aws/aws-sdk-go v1.55.7/go.mod h1:eRwEWoyTWFMVYVQzKMNHWP5/RV4xIUGMQfXQHfHkpNU=
github.com/aws/aws-sdk-go-v2 v1.39.6 h1:2JrPCVgWJm7bm83BDwY5z8ietmeJUbh3O2ACnn+Xsqk=
github.com/aws/aws-sdk-go-v2 v1.39.6/go.mod h1:c9pm7VwuW0UPxAEYGyTmyurVcNrbF6Rt/wixFqDhcjE=
github.com/aws/aws-sdk-go-v2/config v1.31.12 h1:pYM1Qgy0dKZLHX2cXslNacbcEFMkDMl+Bcj5ROuS6p8=
github.com/aws/aws-sdk-go-v2/config v1.31.12/go.mod h1:/MM0dyD7KSDPR+39p9ZNVKaHDLb9qnfDurvVS2KAhN8=
github.com/aws/aws-sdk-go-v2/credentials v1.18.16 h1:4JHirI4zp958zC026Sm+V4pSDwW4pwLefKrc0bF2lwI=
github.com/aws/aws-sdk-go-v2/credentials v1.18.16/go.mod h1:qQMtGx9OSw7ty1yLclzLxXCRbrkjWAM7JnObZjmCB7I=
github.com/aws/aws-sdk-go-v2/feature/ec2/imds v1.18.9 h1:Mv4Bc0mWmv6oDuSWTKnk+wgeqPL5DRFu5bQL9BGPQ8Y=
github.com/aws/aws-sdk-go-v2/feature/ec2/imds v1.18.9/go.mod h1:IKlKfRppK2a1y0gy1yH6zD+yX5uplJ6UuPlgd48dJiQ=
github.com/aws/aws-sdk-go-v2/internal/configsources v1.4.9 h1:se2vOWGD3dWQUtfn4wEjRQJb1HK1XsNIt825gskZ970=
github.com/aws/aws-sdk-go-v2/internal/configsources v1.4.9/go.mod h1:hijCGH2VfbZQxqCDN7bwz/4dzxV+hkyhjawAtdPWKZA=
github.com/aws/aws-sdk-go-v2/internal/endpoints/v2 v2.7.9 h1:6RBnKZLkJM4hQ+kN6E7yWFveOTg8NLPHAkqrs4ZPlTU=
github.com/aws/aws-sdk-go-v2/internal/endpoints/v2 v2.7.9/go.mod h1:V9rQKRmK7AWuEsOMnHzKj8WyrIir1yUJbZxDuZLFvXI=
github.com/aws/aws-sdk-go-v2/internal/ini v1.8.3 h1:bIqFDwgGXXN1Kpp99pDOdKMTTb5d2KyU5X/BZxjOkRo=
github.com/aws/aws-sdk-go-v2/internal/ini v1.8.3/go.mod h1:H5O/EsxDWyU+LP/V8i5sm8cxoZgc2fdNR9bxlOFrQTo=
github.com/aws/aws-sdk-go-v2/service/internal/accept-encoding v1.13.1 h1:oegbebPEMA/1Jny7kvwejowCaHz1FWZAQ94WXFNCyTM=
github.com/aws/aws-sdk-go-v2/service/internal/accept-encoding v1.13.1/go.mod h1:kemo5Myr9ac0U9JfSjMo9yHLtw+pECEHsFtJ9tqCEI8=
github.com/aws/aws-sdk-go-v2/service/internal/presigned-url v1.13.9 h1:5r34CgVOD4WZudeEKZ9/iKpiT6cM1JyEROpXjOcdWv8=
github.com/aws/aws-sdk-go-v2/service/internal/presigned-url v1.13.9/go.mod h1:dB12CEbNWPbzO2uC6QSWHteqOg4JfBVJOojbAoAUb5I=
github.com/aws/aws-sdk-go-v2/service/sso v1.29.6 h1:A1oRkiSQOWstGh61y4Wc/yQ04sqrQZr1Si/oAXj20/s=
github.com/aws/aws-sdk-go-v2/service/sso v1.29.6/go.mod h1:5PfYspyCU5Vw1wNPsxi15LZovOnULudOQuVxphSflQA=
github.com/aws/aws-sdk-go-v2/service/ssooidc v1.35.1 h1:5fm5RTONng73/QA73LhCNR7UT9RpFH3hR6HWL6bIgVY=
github.com/aws/aws-sdk-go-v2/service/ssooidc v1.35.1/go.mod h1:xBEjWD13h+6nq+z4AkqSfSvqRKFgDIQeaMguAJndOWo=
github.com/aws/aws-sdk-go-v2/service/sts v1.38.6 h1:p3jIvqYwUZgu/XYeI48bJxOhvm47hZb5HUQ0tn6Q9kA=
github.com/aws/aws-sdk-go-v2/service/sts v1.38.6/go.mod h1:WtKK+ppze5yKPkZ0XwqIVWD4beCwv056ZbPQNoeHqM8=
github.com/aws/smithy-go v1.23.2 h1:Crv0eatJUQhaManss33hS5r40CG3ZFH+21XSkqMrIUM=
github.com/aws/smithy-go v1.23.2/go.mod h1:LEj2LM3rBRQJxPZTB4KuzZkaZYnZPnvgIhb4pu07mx0=
github.com/davecgh/go-spew v1.1.0/go.mod h1:J7Y8YcW2NihsgmVo/mv3lAwl/skON4iLHjSsI+c5H38=
github.com/davecgh/go-spew v1.1.1 h1:vj9j/u1bqnvCEfJOwUhtlOARqs3+rkHYY13jYWTU97c=
github.com/davecgh/go-spew v1.1.1/go.mod h1:J7Y8YcW2NihsgmVo/mv3lAwl/skON4iLHjSsI+c5H38=
github.com/jmespath/go-jmespath v0.4.0 h1:BEgLn5cpjn8UN1mAw4NjwDrS35OdebyEtFe+9YPoQUg=
github.com/jmespath/go-jmespath v0.4.0/go.mod h1:T8mJZnbsbmF+m6zOOFylbeCJqk5+pHWvzYPziyZiYoo=
github.com/jmespath/go-jmespath/internal/testify v1.5.1 h1:shLQSRRSCCPj3f2gpwzGwWFoC7ycTf1rcQZHOlsJ6N8=
github.com/jmespath/go-jmespath/internal/testify v1.5.1/go.mod h1:L3OGu8Wl2/fWfCI6z80xFu9LTZmf1ZRjMHUOPmWr69U=
github.com/pmezard/go-difflib v1.0.0 h1:4DBwDE0NGyQoBHbLQYPwSUPoCMWR5BEzIk/f1lZbAQM=
github.com/pmezard/go-difflib v1.0.0/go.mod h1:iKH77koFhYxTK1pcRnkKkqfTogsbg7gZNVY4sRDYZ/4=
github.com/stretchr/objx v0.1.0/go.mod h1:HFkY916IF+rwdDfMAkV7OtwuqBVzrE8GR6GFx+wExME=
github.com/stretchr/testify v1.11.1 h1:7s2iGBzp5EwR7/aIZr8ao5+dra3wiQyKjjFuvgVKu7U=
github.com/stretchr/testify v1.11.1/go.mod h1:wZwfW3scLgRK+23gO65QZefKpKQRnfz6sD981Nm4B6U=
github.com/tidwall/gjson v1.14.2/go.mod h1:/wbyibRr2FHMks5tjHJ5F8dMZh3AcwJEMf5vlfC0lxk=
github.com/tidwall/gjson v1.18.0 h1:FIDeeyB800efLX89e5a8Y0BNH+LOngJyGrIWxG2FKQY=
github.com/tidwall/gjson v1.18.0/go.mod h1:/wbyibRr2FHMks5tjHJ5F8dMZh3AcwJEMf5vlfC0lxk=
github.com/tidwall/match v1.1.1 h1:+Ho715JplO36QYgwN9PGYNhgZvoUSc9X2c80KVTi+GA=
github.com/tidwall/match v1.1.1/go.mod h1:eRSPERbgtNPcGhD8UCthc6PmLEQXEWd3PRB5JTxsfmM=
github.com/tidwall/pretty v1.2.0/go.mod h1:ITEVvHYasfjBbM0u2Pg8T2nJnzm8xPwvNhhsoaGGjNU=
github.com/tidwall/pretty v1.2.1 h1:qjsOFOWWQl+N3RsoF5/ssm1pHmJJwhjlSbZ51I6wMl4=
github.com/tidwall/pretty v1.2.1/go.mod h1:ITEVvHYasfjBbM0u2Pg8T2nJnzm8xPwvNhhsoaGGjNU=
github.com/tidwall/sjson v1.2.5 h1:kLy8mja+1c9jlljvWTlSazM7cKDRfJuR/bOJhcY5NcY=
github.com/tidwall/sjson v1.2.5/go.mod h1:Fvgq9kS/6ociJEDnK0Fk1cpYF4FIW6ZF7LAe+6jwd28=
github.com/wI2L/jsondiff v0.7.0 h1:1lH1G37GhBPqCfp/lrs91rf/2j3DktX6qYAKZkLuCQQ=
github.com/wI2L/jsondiff v0.7.0/go.mod h1:KAEIojdQq66oJiHhDyQez2x+sRit0vIzC9KeK0yizxM=
gopkg.in/check.v1 v0.0.0-20161208181325-20d25e280405 h1:yhCVgyC4o1eVCa2tZl7eS0r+SDo693bJlVdllGtEeKM=
gopkg.in/check.v1 v0.0.0-20161208181325-20d25e280405/go.mod h1:Co6ibVJAznAaIkqp8huTwlJQCZ016jof/cbN4VW5Yz0=
gopkg.in/yaml.v2 v2.2.8 h1:obN1ZagJSUGI0Ek/LBmuj4SNLPfIny3KsKFopxRdj10=
gopkg.in/yaml.v2 v2.2.8/go.mod h1:hI93XBmqTisBFMUTm0b8Fm+jr3Dg1NNxqwp+5A1VGuI=
gopkg.in/yaml.v3 v3.0.1 h1:fxVm/GzAzEWqLHuvctI91KS9hhNmmWOoWu0XTYJS7CA=
gopkg.in/yaml.v3 v3.0.1/go.mod h1:K4uyk7z7BCEPqu6E+C64Yfv1cQ7kz7rIZviUmN+EgEM=
