github.com/cespare/xxhash/v2 v2.3.0 h1:UL815xU9SqsFlibzuggzjXhog7bL6oX9BbNZnL2UFvs=
github.com/cespare/xxhash/v2 v2.3.0/go.mod h1:VGX0DQ3Q6kWi7AoAeZDth3/j3BFtOZR5XLFGgcrjCOs=
github.com/go-logr/logr v1.2.2/go.mod h1:jdQByPbusPIv2/zmleS9BjJVeZ6kBagPoEUsqbVz/1A=
github.com/go-logr/logr v1.4.4 h1:tG4xh9yMsRCAiodLVTxyrkzSZ9+o0L1Kg/+cPVcbP/8=
github.com/go-logr/logr v1.4.4/go.mod h1:9T104GzyrTigFIr8wt5mBrctHMim0Nb2HLGrmQ40KvY=
github.com/go-logr/stdr v1.2.2 h1:hSWxHoqTgW2S2qGc0LTAI563KZ5YKYRhT3MFKZMbjag=
github.com/go-logr/stdr v1.2.2/go.mod h1:mMo/vtBO5dYbehREoey6XUKy/eSumjCCveDpRre4VKE=
github.com/google/go-cmp v0.7.0 h1:wk8382ETsv4JYUZwIsn6YpYiWiBsYLSJiTsyBybVuN8=
github.com/google/go-cmp v0.7.0/go.mod h1:pXiqmnSA92OHEEa9HXL2W4E7lf9JzCmGVUdgjX3N/iU=
github.com/google/uuid v1.6.0 h1:NIvaJDMOsjHA8n1jAhLSgzrAzy1Hgr+hNrb57e+94F0=
github.com/google/uuid v1.6.0/go.mod h1:TIyPZe4MgqvfeYDBFedMoGGpEw/LqOeaOT+nhxU+yHo=
github.com/opensearch-project/opensearch-go/v5 v5.0.0-rc6 h1:sQV1jt10PaFA7xLx2HvgQ6LrLhFxe+aKNL+2LzJeA4U=
github.com/opensearch-project/opensearch-go/v5 v5.0.0-rc6/go.mod h1:AXzjbjWmwPJ/0cubDPf1fzePiHL7M8dLFe8acTyQOaI=
github.com/rs/dnscache v0.0.0-20230804202142-fc85eb664529 h1:18kd+8ZUlt/ARXhljq+14TwAoKa61q6dX8jtwOf6DH8=
github.com/rs/dnscache v0.0.0-20230804202142-fc85eb664529/go.mod h1:qe5TWALJ8/a1Lqznoc5BDHpYX/8HU60Hm2AwRmqzxqA=
github.com/stretchr/testify v1.12.1 h1:EuwCh5fleGS7H32xRwO3wRGT7DxrDhLAT6FF8MpWDWE=
github.com/stretchr/testify v1.12.1/go.mod h1:MDEgiDPPsNp5cuIrHPPCyornHKgEVbtFUmoNlxoYthg=
github.com/tidwall/gjson v1.19.0 h1:xwxm7n691Uf3u5OFjzngavjGTh55KX5q/9w9xHW88JU=
github.com/tidwall/gjson v1.19.0/go.mod h1:V37/opeE/JbLUOfH0QTXiNez2l0RUjYUhpT4szFQAfc=
github.com/tidwall/match v1.2.0 h1:0pt8FlkOwjN2fPt4bIl4BoNxb98gGHN2ObFEDkrfZnM=
github.com/tidwall/match v1.2.0/go.mod h1:eRSPERbgtNPcGhD8UCthc6PmLEQXEWd3PRB5JTxsfmM=
github.com/tidwall/pretty v1.2.1 h1:qjsOFOWWQl+N3RsoF5/ssm1pHmJJwhjlSbZ51I6wMl4=
github.com/tidwall/pretty v1.2.1/go.mod h1:ITEVvHYasfjBbM0u2Pg8T2nJnzm8xPwvNhhsoaGGjNU=
github.com/tidwall/sjson v1.2.5 h1:kLy8mja+1c9jlljvWTlSazM7cKDRfJuR/bOJhcY5NcY=
github.com/tidwall/sjson v1.2.5/go.mod h1:Fvgq9kS/6ociJEDnK0Fk1cpYF4FIW6ZF7LAe+6jwd28=
github.com/wI2L/jsondiff v0.7.1 h1:Fg9+yj+1/x3UtPBJhR91TKEzRkrEEWcAcLbg9dzEaNM=
github.com/wI2L/jsondiff v0.7.1/go.mod h1:yAt2W7U6Jd4HK0RA8DGSGk0zDtfEtOUUJVnH/xICpjo=
go.opentelemetry.io/auto/sdk v1.2.1 h1:jXsnJ4Lmnqd11kwkBV2LgLoFMZKizbCi5fNZ/ipaZ64=
go.opentelemetry.io/auto/sdk v1.2.1/go.mod h1:KRTj+aOaElaLi+wW1kO/DZRXwkF4C5xPbEe3ZiIhN7Y=
go.opentelemetry.io/otel v1.46.0 h1:FHt5/CDyVxi/8IM1CH7VE/rRgq3kLHa2mSTVMO8AWyc=
go.opentelemetry.io/otel v1.46.0/go.mod h1:Gj3SEScelsNC45tp4nSxRYlS+f5iez7W8XPMCt905kE=
go.opentelemetry.io/otel/metric v1.46.0 h1:yBnkXvgV7AXFILZc5K6IZe/CBFF3OS7BJ8ov6/lj0K8=
go.opentelemetry.io/otel/metric v1.46.0/go.mod h1:iPmdWqifKUdzziPkvvzIJXITl56fQx2mGM/DHLB3/2o=
go.opentelemetry.io/otel/metric/x v0.68.0 h1:TA/cBT23D3MnxYPwHL7YFOdYGdx0A0v+s7Mzotpd1dU=
go.opentelemetry.io/otel/metric/x v0.68.0/go.mod h1:agudOmvWhwUTjgibWDzxD2PoWYnpw5Ht5jISYOD2Hd4=
go.opentelemetry.io/otel/sdk v1.46.0 h1:h5CNQQjEbuQXY/JfZtgt3i7HVFV3aHPO2OAwO2eTYPI=
go.opentelemetry.io/otel/sdk v1.46.0/go.mod h1:GAERFXFt5SYCEB+YiKUbMBeza6UaDH7GmGOZEfh2gSM=
go.opentelemetry.io/otel/sdk/metric v1.46.0 h1:0piZ26EG4RBfebb2jhDH6ERCYHoVWduc3kLgPCwSnSE=
go.opentelemetry.io/otel/sdk/metric v1.46.0/go.mod h1:I1PbKrdVc8Qu8HYVDNtqVIwLwjNrhsV/uFuxfwg8mO4=
go.opentelemetry.io/otel/trace v1.46.0 h1:OULy7ccdJnZtJ0UDYFOIGaCmiWzJ8Vi2G/Rsu60qs1c=
go.opentelemetry.io/otel/trace v1.46.0/go.mod h1:J7GAXweO77XSFkB/rmAqk9D6ihszhFjLU+d9WuUxDLI=
go.yaml.in/yaml/v3 v3.0.5 h1:N6y/pJk8buWs9NY5ERU2HSMfm+IuD/OtfdAnq6kESPw=
go.yaml.in/yaml/v3 v3.0.5/go.mod h1:HVTZu1O7/Vkt2N+BFy8Zza+lnLsABggaTM2ZpNIGuKg=
golang.org/x/mod v0.40.0 h1:hUv+3cXcdRHz08UmSiOob7sadHig73uo5bkXxQ/tvUs=
golang.org/x/mod v0.40.0/go.mod h1:0/weTWkPWGBikyTWAX3dkjVztMmBA5hM0DH6BElSupE=
golang.org/x/sync v0.0.0-20190423024810-112230192c58/go.mod h1:RxMgew5VJxzue5/jJTE5uejpjVlOe/izrB70Jof72aM=
golang.org/x/sync v0.22.0 h1:SZjpbeLmrCk4xhRSZFNZW5gFUeCeFgjekvI/+gfScek=
golang.org/x/sync v0.22.0/go.mod h1:9xrNwdLfx4jkKbNva9FpL6vEN7evnE43NNNJQ2LF3+0=
golang.org/x/sys v0.47.0 h1:o7XGOvZQCADBQQ4Y7VNq2dRWQR7JmOUW8Kxx4ZsNgWs=
golang.org/x/sys v0.47.0/go.mod h1:4GL1E5IUh+htKOUEOaiffhrAeqysfVGipDYzABqnCmw=
